{
  "name": "real-time-chat-application",
  "version": "1.0.0",
  "lockfileVersion": 3,
  "requires": true,
  "packages": {
    "": {
      "name": "real-time-chat-application",
      "version": "1.0.0",
      "license": "ISC",
      "dependencies": {
        "@arcjet/inspect": "^1.4.0",
        "@arcjet/node": "^1.4.0",
        "cloudinary": "^2.5.1"
      }
    },
    "node_modules/@arcjet/analyze": {
      "version": "1.4.0",
      "resolved": "https://registry.npmjs.org/@arcjet/analyze/-/analyze-1.4.0.tgz",
      "integrity": "sha512-dKvRoAnhNRHVuHnQZ4LxL8yH7CVrP4uDhfvoN26aqDuAwjLkJZSR1PzGzj1OH91jD1Qqthn/+wzNm7lqPEjJDw==",
      "license": "Apache-2.0",
      "dependencies": {
        "@arcjet/analyze-wasm": "1.4.0",
        "@arcjet/protocol": "1.4.0"
      },
      "engines": {
        "node": ">=20"
      }
    },
    "node_modules/@arcjet/analyze-wasm": {
      "version": "1.4.0",
      "resolved": "https://registry.npmjs.org/@arcjet/analyze-wasm/-/analyze-wasm-1.4.0.tgz",
      "integrity": "sha512-UHyTqz0rQqBccJIWmTPoeKreq3dvZ6Ql5loLY2S0nukA+wBMaBh1Ok88Vo8+qoT10Qkyh9FXk6famNhSiNS/nw==",
      "license": "Apache-2.0",
      "engines": {
        "node": ">=20"
      }
    },
    "node_modules/@arcjet/body": {
      "version": "1.4.0",
      "resolved": "https://registry.npmjs.org/@arcjet/body/-/body-1.4.0.tgz",
      "integrity": "sha512-feR887vz8X/jQH8EpztkIdRzY3RnfKjGNBqFIqy2cb+EhxEGmGXJxq+tb0UFndoZ0UIaby+eofDhXUy/4uiF0w==",
      "license": "Apache-2.0",
      "engines": {
        "node": ">=20"
      }
    },
    "node_modules/@arcjet/cache": {
      "version": "1.4.0",
      "resolved": "https://registry.npmjs.org/@arcjet/cache/-/cache-1.4.0.tgz",
      "integrity": "sha512-hRk2p2ZgZmcl1jv66VfbAXxKk7HghdMwFXWcn0wIjHa+ngaYRQFkfrEE0epWeHyTB/sI/p/3+MOT0ApbzIyY5Q==",
      "license": "Apache-2.0",
      "engines": {
        "node": ">=20"
      }
    },
    "node_modules/@arcjet/duration": {
      "version": "1.4.0",
      "resolved": "https://registry.npmjs.org/@arcjet/duration/-/duration-1.4.0.tgz",
      "integrity": "sha512-5LzFCwMjaYTArKD+8ChZSUT9e2V8RJHqtHcRme/Q5k55ctjiCY+buMcxXSPcft85PpMGW229XKyO3nJSXr6t/A==",
      "license": "Apache-2.0",
      "engines": {
        "node": ">=20"
      }
    },
    "node_modules/@arcjet/env": {
      "version": "1.4.0",
      "resolved": "https://registry.npmjs.org/@arcjet/env/-/env-1.4.0.tgz",
      "integrity": "sha512-zR9du8LpqdHcMQWZPhQeZr7zapf+EFNGjqHEjmAl/7tnJJUckaUGVJtFiSLBpu2mUYlhnMnwM8LRh2KF+45ecQ==",
      "license": "Apache-2.0",
      "engines": {
        "node": ">=20"
      }
    },
    "node_modules/@arcjet/headers": {
      "version": "1.4.0",
      "resolved": "https://registry.npmjs.org/@arcjet/headers/-/headers-1.4.0.tgz",
      "integrity": "sha512-hzK0jM+sNXZT/dnN6gPSOBiqBODnIuVgFNZG/WHT49VZec9g+nU3X6JFxX5Tm2dIRtVcgQcBpNSgSb1vbWtUiQ==",
      "license": "Apache-2.0",
      "engines": {
        "node": ">=20"
      }
    },
    "node_modules/@arcjet/inspect": {
      "version": "1.4.0",
      "resolved": "https://registry.npmjs.org/@arcjet/inspect/-/inspect-1.4.0.tgz",
      "integrity": "sha512-+YZCUerZDboIapzTRBlnTeiQFvyPTEPxlQwDhew2/TKHPLr1/Mh+T5afUJzfT98D2/XUlmIKCLT++ULPd+7jIg==",
      "license": "Apache-2.0",
      "dependencies": {
        "@arcjet/protocol": "1.4.0"
      },
      "engines": {
        "node": ">=20"
      }
    },
    "node_modules/@arcjet/ip": {
      "version": "1.4.0",
      "resolved": "https://registry.npmjs.org/@arcjet/ip/-/ip-1.4.0.tgz",
      "integrity": "sha512-gTmtauz5tyuhTaFT8WqS5O7RhpNnJSqK2RO3Hjr1iZydGI2YFkfNoNHjIU8Jck9A281nlHyQTTj3X+ZP51LCfg==",
      "license": "Apache-2.0",
      "engines": {
        "node": ">=20"
      }
    },
    "node_modules/@arcjet/logger": {
      "version": "1.4.0",
      "resolved": "https://registry.npmjs.org/@arcjet/logger/-/logger-1.4.0.tgz",
      "integrity": "sha512-pAZf78iZ81IezMl5qSbPokY20ma/dNic+w6Q61yOtf7RKfyvIrjWf4ml/CBwrFXodsOLpzeX96TylUudU3/wfQ==",
      "license": "Apache-2.0",
      "dependencies": {
        "@arcjet/sprintf": "1.4.0"
      },
      "engines": {
        "node": ">=20"
      }
    },
    "node_modules/@arcjet/node": {
      "version": "1.4.0",
      "resolved": "https://registry.npmjs.org/@arcjet/node/-/node-1.4.0.tgz",
      "integrity": "sha512-yeVCd4WN+b5X5+IVMj9NZlmNK+YzG4TI377Zs4oM7SrS+lNz2YMFZSyXiJXww3F7RjV9pKfBGAjxY44bn7C8uQ==",
      "license": "Apache-2.0",
      "dependencies": {
        "@arcjet/body": "1.4.0",
        "@arcjet/env": "1.4.0",
        "@arcjet/headers": "1.4.0",
        "@arcjet/ip": "1.4.0",
        "@arcjet/logger": "1.4.0",
        "@arcjet/protocol": "1.4.0",
        "@arcjet/transport": "1.4.0",
        "arcjet": "1.4.0"
      },
      "engines": {
        "node": ">=20"
      }
    },
    "node_modules/@arcjet/protocol": {
      "version": "1.4.0",
      "resolved": "https://registry.npmjs.org/@arcjet/protocol/-/protocol-1.4.0.tgz",
      "integrity": "sha512-CklnpCQ7WIsDa/Bw0ke46B0xs7RsAyXxflB2yRjCUb5yCw2JkfSGqCFLipDUDfI6G9dAFWJ3WZaJYidHDw9/Tg==",
      "license": "Apache-2.0",
      "dependencies": {
        "@arcjet/cache": "1.4.0",
        "@bufbuild/protobuf": "2.11.0",
        "@connectrpc/connect": "2.1.1",
        "typeid-js": "1.2.0"
      },
      "engines": {
        "node": ">=20"
      }
    },
    "node_modules/@arcjet/runtime": {
      "version": "1.4.0",
      "resolved": "https://registry.npmjs.org/@arcjet/runtime/-/runtime-1.4.0.tgz",
      "integrity": "sha512-bjhzAqGjJwJnjvsbjqR1lpHdKQgbhLwpc+uvgZj5yIhiXCnJTZF+Erq2dsyebvZ8foDasO9iy6gLuTA1Nxeayw==",
      "license": "Apache-2.0",
      "engines": {
        "node": ">=20"
      }
    },
    "node_modules/@arcjet/sprintf": {
      "version": "1.4.0",
      "resolved": "https://registry.npmjs.org/@arcjet/sprintf/-/sprintf-1.4.0.tgz",
      "integrity": "sha512-FVrnyJO/0TIokkuXD+RmxK3SZrRhWQJxXnIm9af4U/2rrPzwD/X59t9ba2YW4ENIbVOhhUIUDD6sPfmsLyTl5g==",
      "license": "Apache-2.0",
      "engines": {
        "node": ">=20"
      }
    },
    "node_modules/@arcjet/stable-hash": {
      "version": "1.4.0",
      "resolved": "https://registry.npmjs.org/@arcjet/stable-hash/-/stable-hash-1.4.0.tgz",
      "integrity": "sha512-8im/JZ8NgtXMx49xJM9w1x7+jzIapDD8HGPqb4JcxCjzMMymXpOCjbQINDPL5Pn5/0aG5C9wBWNuoJtWMSuFGQ==",
      "license": "Apache-2.0",
      "engines": {
        "node": ">=20"
      }
    },
    "node_modules/@arcjet/transport": {
      "version": "1.4.0",
      "resolved": "https://registry.npmjs.org/@arcjet/transport/-/transport-1.4.0.tgz",
      "integrity": "sha512-EGCtY0sZwAJsYc21xbJlz6G+Cv++wPHA45WhzcKTAjJydDyhKSKgE9cM/+5EVmjGE5SHG6ctPwjqxEkV/jR4cw==",
      "license": "Apache-2.0",
      "dependencies": {
        "@bufbuild/protobuf": "2.11.0",
        "@connectrpc/connect": "2.1.1",
        "@connectrpc/connect-node": "2.1.1",
        "@connectrpc/connect-web": "2.1.1"
      },
      "engines": {
        "node": ">=20"
      }
    },
    "node_modules/@bufbuild/protobuf": {
      "version": "2.11.0",
      "resolved": "https://registry.npmjs.org/@bufbuild/protobuf/-/protobuf-2.11.0.tgz",
      "integrity": "sha512-sBXGT13cpmPR5BMgHE6UEEfEaShh5Ror6rfN3yEK5si7QVrtZg8LEPQb0VVhiLRUslD2yLnXtnRzG035J/mZXQ==",
      "license": "(Apache-2.0 AND BSD-3-Clause)"
    },
    "node_modules/@connectrpc/connect": {
      "version": "2.1.1",
      "resolved": "https://registry.npmjs.org/@connectrpc/connect/-/connect-2.1.1.tgz",
      "integrity": "sha512-JzhkaTvM73m2K1URT6tv53k2RwngSmCXLZJgK580qNQOXRzZRR/BCMfZw3h+90JpnG6XksP5bYT+cz0rpUzUWQ==",
      "license": "Apache-2.0",
      "peerDependencies": {
        "@bufbuild/protobuf": "^2.7.0"
      }
    },
    "node_modules/@connectrpc/connect-node": {
      "version": "2.1.1",
      "resolved": "https://registry.npmjs.org/@connectrpc/connect-node/-/connect-node-2.1.1.tgz",
      "integrity": "sha512-s3TfsI1XF+n+1z6MBS9rTnFsxxR4Rw5wmdEnkQINli81ESGxcsfaEet8duzq8LVuuCupmhUsgpRo0Nv9pZkufg==",
      "license": "Apache-2.0",
      "engines": {
        "node": ">=20"
      },
      "peerDependencies": {
        "@bufbuild/protobuf": "^2.7.0",
        "@connectrpc/connect": "2.1.1"
      }
    },
    "node_modules/@connectrpc/connect-web": {
      "version": "2.1.1",
      "resolved": "https://registry.npmjs.org/@connectrpc/connect-web/-/connect-web-2.1.1.tgz",
      "integrity": "sha512-J8317Q2MaFRCT1jzVR1o06bZhDIBmU0UAzWx6xOIXzOq8+k71/+k7MUF7AwcBUX+34WIvbm5syRgC5HXQA8fOg==",
      "license": "Apache-2.0",
      "peerDependencies": {
        "@bufbuild/protobuf": "^2.7.0",
        "@connectrpc/connect": "2.1.1"
      }
    },
    "node_modules/arcjet": {
      "version": "1.4.0",
      "resolved": "https://registry.npmjs.org/arcjet/-/arcjet-1.4.0.tgz",
      "integrity": "sha512-x7nRRdV1IEYJHotTBZatBuwha8kjKrv7azOLM6HPpjRMY0nutZBe9PBs8RGAPiaCVl0EFG8VLaYieFbX4X8nMg==",
      "license": "Apache-2.0",
      "dependencies": {
        "@arcjet/analyze": "1.4.0",
        "@arcjet/cache": "1.4.0",
        "@arcjet/duration": "1.4.0",
        "@arcjet/headers": "1.4.0",
        "@arcjet/protocol": "1.4.0",
        "@arcjet/runtime": "1.4.0",
        "@arcjet/stable-hash": "1.4.0"
      },
      "engines": {
        "node": ">=20"
      }
    },
    "node_modules/cloudinary": {
      "version": "2.9.0",
      "resolved": "https://registry.npmjs.org/cloudinary/-/cloudinary-2.9.0.tgz",
      "integrity": "sha512-F3iKMOy4y0zy0bi5JBp94SC7HY7i/ImfTPSUV07iJmRzH1Iz8WavFfOlJTR1zvYM/xKGoiGZ3my/zy64In0IQQ==",
      "license": "MIT",
      "dependencies": {
        "lodash": "^4.17.21"
      },
      "engines": {
        "node": ">=9"
      }
    },
    "node_modules/lodash": {
      "version": "4.17.23",
      "resolved": "https://registry.npmjs.org/lodash/-/lodash-4.17.23.tgz",
      "integrity": "sha512-LgVTMpQtIopCi79SJeDiP0TfWi5CNEc/L/aRdTh3yIvmZXTnheWpKjSZhnvMl8iXbC1tFg9gdHHDMLoV7CnG+w==",
      "license": "MIT"
    },
    "node_modules/typeid-js": {
      "version": "1.2.0",
      "resolved": "https://registry.npmjs.org/typeid-js/-/typeid-js-1.2.0.tgz",
      "integrity": "sha512-t76ZucAnvGC60ea/HjVsB0TSoB0cw9yjnfurUgtInXQWUI/VcrlZGpO23KN3iSe8yOGUgb1zr7W7uEzJ3hSljA==",
      "license": "Apache-2.0",
      "dependencies": {
        "uuid": "^10.0.0"
      }
    },
    "node_modules/uuid": {
      "version": "10.0.0",
      "resolved": "https://registry.npmjs.org/uuid/-/uuid-10.0.0.tgz",
      "integrity": "sha512-8XkAphELsDnEGrDxUOHB3RGvXz6TeuYSGEZBOjtTtPm2lwhGBjLgOzLHB63IUWfBpNucQjND6d3AOudO+H3RWQ==",
      "deprecated": "uuid@10 and below is no longer supported.  For ESM codebases, update to uuid@latest.  For CommonJS codebases, use uuid@11 (but be aware this version will likely be deprecated in 2028).",
      "funding": [
        "https://github.com/sponsors/broofa",
        "https://github.com/sponsors/ctavan"
      ],
      "license": "MIT",
      "bin": {
        "uuid": "dist/bin/uuid"
      }
    }
  }
}
